// !$*UTF8*$!
{
	archiveVersion = 1;
	classes = {
	};
	objectVersion = 51;
	objects = {

/* Begin PBXBuildFile section */
		0546E19FDE73FBCD4FBAACA4 /* Pods_ShowDoMilhao.framework in Frameworks */ = {isa = PBXBuildFile; fileRef = 3B4A172EFF6CD6B6D804A696 /* Pods_ShowDoMilhao.framework */; };
		3D0C58F223628F2D000C2FAF /* AppDelegate.swift in Sources */ = {isa = PBXBuildFile; fileRef = 3D0C58F123628F2D000C2FAF /* AppDelegate.swift */; };
		3D0C58F423628F2D000C2FAF /* SceneDelegate.swift in Sources */ = {isa = PBXBuildFile; fileRef = 3D0C58F323628F2D000C2FAF /* SceneDelegate.swift */; };
		3D0C58F623628F2D000C2FAF /* ViewController.swift in Sources */ = {isa = PBXBuildFile; fileRef = 3D0C58F523628F2D000C2FAF /* ViewController.swift */; };
		3D0C58F923628F2D000C2FAF /* Main.storyboard in Resources */ = {isa = PBXBuildFile; fileRef = 3D0C58F723628F2D000C2FAF /* Main.storyboard */; };
		3D0C58FB23628F31000C2FAF /* Assets.xcassets in Resources */ = {isa = PBXBuildFile; fileRef = 3D0C58FA23628F31000C2FAF /* Assets.xcassets */; };
		3D0C58FE23628F31000C2FAF /* LaunchScreen.storyboard in Resources */ = {isa = PBXBuildFile; fileRef = 3D0C58FC23628F31000C2FAF /* LaunchScreen.storyboard */; };
		3D0C590923628F31000C2FAF /* ShowDoMilhaoTests.swift in Sources */ = {isa = PBXBuildFile; fileRef = 3D0C590823628F31000C2FAF /* ShowDoMilhaoTests.swift */; };
		3D0C591423628F31000C2FAF /* ShowDoMilhaoUITests.swift in Sources */ = {isa = PBXBuildFile; fileRef = 3D0C591323628F31000C2FAF /* ShowDoMilhaoUITests.swift */; };
		3D0C592223629099000C2FAF /* GoogleService-Info.plist in Resources */ = {isa = PBXBuildFile; fileRef = 3D0C592123629099000C2FAF /* GoogleService-Info.plist */; };
		3D0C592323629099000C2FAF /* GoogleService-Info.plist in Resources */ = {isa = PBXBuildFile; fileRef = 3D0C592123629099000C2FAF /* GoogleService-Info.plist */; };
		3DCAE1212369DA4600711BD5 /* StartViewController.swift in Sources */ = {isa = PBXBuildFile; fileRef = 3DCAE1202369DA4600711BD5 /* StartViewController.swift */; };
		3DCAE1232369DB5900711BD5 /* LoadingViewController.swift in Sources */ = {isa = PBXBuildFile; fileRef = 3DCAE1222369DB5900711BD5 /* LoadingViewController.swift */; };
		3DCF895323630A8500840E1B /* LoginViewController.swift in Sources */ = {isa = PBXBuildFile; fileRef = 3DCF895223630A8500840E1B /* LoginViewController.swift */; };
		3DCF895523630F0A00840E1B /* HomeViewController.swift in Sources */ = {isa = PBXBuildFile; fileRef = 3DCF895423630F0A00840E1B /* HomeViewController.swift */; };
		802DE51F8DD2CFBEDD619F4C /* Pods_ShowDoMilhao_ShowDoMilhaoUITests.framework in Frameworks */ = {isa = PBXBuildFile; fileRef = D7328564639270663894215A /* Pods_ShowDoMilhao_ShowDoMilhaoUITests.framework */; };
		82ED75FEF22D385F4F4E9305 /* Pods_ShowDoMilhaoTests.framework in Frameworks */ = {isa = PBXBuildFile; fileRef = 77F679A949F5C17D02E849F6 /* Pods_ShowDoMilhaoTests.framework */; };
/* End PBXBuildFile section */

/* Begin PBXContainerItemProxy section */
		3D0C590523628F31000C2FAF /* PBXContainerItemProxy */ = {
			isa = PBXContainerItemProxy;
			containerPortal = 3D0C58E623628F2D000C2FAF /* Project object */;
			proxyType = 1;
			remoteGlobalIDString = 3D0C58ED23628F2D000C2FAF;
			remoteInfo = ShowDoMilhao;
		};
		3D0C591023628F31000C2FAF /* PBXContainerItemProxy */ = {
			isa = PBXContainerItemProxy;
			containerPortal = 3D0C58E623628F2D000C2FAF /* Project object */;
			proxyType = 1;
			remoteGlobalIDString = 3D0C58ED23628F2D000C2FAF;
			remoteInfo = ShowDoMilhao;
		};
/* End PBXContainerItemProxy section */

/* Begin PBXFileReference section */
		3B4A172EFF6CD6B6D804A696 /* Pods_ShowDoMilhao.framework */ = {isa = PBXFileReference; explicitFileType = wrapper.framework; includeInIndex = 0; path = Pods_ShowDoMilhao.framework; sourceTree = BUILT_PRODUCTS_DIR; };
		3D0C58EE23628F2D000C2FAF /* ShowDoMilhao.app */ = {isa = PBXFileReference; explicitFileType = wrapper.application; includeInIndex = 0; path = ShowDoMilhao.app; sourceTree = BUILT_PRODUCTS_DIR; };
		3D0C58F123628F2D000C2FAF /* AppDelegate.swift */ = {isa = PBXFileReference; lastKnownFileType = sourcecode.swift; path = AppDelegate.swift; sourceTree = "<group>"; };
		3D0C58F323628F2D000C2FAF /* SceneDelegate.swift */ = {isa = PBXFileReference; lastKnownFileType = sourcecode.swift; path = SceneDelegate.swift; sourceTree = "<group>"; };
		3D0C58F523628F2D000C2FAF /* ViewController.swift */ = {isa = PBXFileReference; lastKnownFileType = sourcecode.swift; path = ViewController.swift; sourceTree = "<group>"; };
		3D0C58F823628F2D000C2FAF /* Base */ = {isa = PBXFileReference; lastKnownFileType = file.storyboard; name = Base; path = Base.lproj/Main.storyboard; sourceTree = "<group>"; };
		3D0C58FA23628F31000C2FAF /* Assets.xcassets */ = {isa = PBXFileReference; lastKnownFileType = folder.assetcatalog; path = Assets.xcassets; sourceTree = "<group>"; };
		3D0C58FD23628F31000C2FAF /* Base */ = {isa = PBXFileReference; lastKnownFileType = file.storyboard; name = Base; path = Base.lproj/LaunchScreen.storyboard; sourceTree = "<group>"; };
		3D0C58FF23628F31000C2FAF /* Info.plist */ = {isa = PBXFileReference; lastKnownFileType = text.plist.xml; path = Info.plist; sourceTree = "<group>"; };
		3D0C590423628F31000C2FAF /* ShowDoMilhaoTests.xctest */ = {isa = PBXFileReference; explicitFileType = wrapper.cfbundle; includeInIndex = 0; path = ShowDoMilhaoTests.xctest; sourceTree = BUILT_PRODUCTS_DIR; };
		3D0C590823628F31000C2FAF /* ShowDoMilhaoTests.swift */ = {isa = PBXFileReference; lastKnownFileType = sourcecode.swift; path = ShowDoMilhaoTests.swift; sourceTree = "<group>"; };
		3D0C590A23628F31000C2FAF /* Info.plist */ = {isa = PBXFileReference; lastKnownFileType = text.plist.xml; path = Info.plist; sourceTree = "<group>"; };
		3D0C590F23628F31000C2FAF /* ShowDoMilhaoUITests.xctest */ = {isa = PBXFileReference; explicitFileType = wrapper.cfbundle; includeInIndex = 0; path = ShowDoMilhaoUITests.xctest; sourceTree = BUILT_PRODUCTS_DIR; };
		3D0C591323628F31000C2FAF /* ShowDoMilhaoUITests.swift */ = {isa = PBXFileReference; lastKnownFileType = sourcecode.swift; path = ShowDoMilhaoUITests.swift; sourceTree = "<group>"; };
		3D0C591523628F31000C2FAF /* Info.plist */ = {isa = PBXFileReference; lastKnownFileType = text.plist.xml; path = Info.plist; sourceTree = "<group>"; };
		3D0C592123629099000C2FAF /* GoogleService-Info.plist */ = {isa = PBXFileReference; lastKnownFileType = text.plist; path = "GoogleService-Info.plist"; sourceTree = SOURCE_ROOT; };
		3DCAE1202369DA4600711BD5 /* StartViewController.swift */ = {isa = PBXFileReference; lastKnownFileType = sourcecode.swift; path = StartViewController.swift; sourceTree = "<group>"; };
		3DCAE1222369DB5900711BD5 /* LoadingViewController.swift */ = {isa = PBXFileReference; lastKnownFileType = sourcecode.swift; path = LoadingViewController.swift; sourceTree = "<group>"; };
		3DCF895223630A8500840E1B /* LoginViewController.swift */ = {isa = PBXFileReference; lastKnownFileType = sourcecode.swift; path = LoginViewController.swift; sourceTree = "<group>"; };
		3DCF895423630F0A00840E1B /* HomeViewController.swift */ = {isa = PBXFileReference; lastKnownFileType = sourcecode.swift; path = HomeViewController.swift; sourceTree = "<group>"; };
		531BBDE517B81B0C51136D28 /* Pods-ShowDoMilhao-ShowDoMilhaoUITests.release.xcconfig */ = {isa = PBXFileReference; includeInIndex = 1; lastKnownFileType = text.xcconfig; name = "Pods-ShowDoMilhao-ShowDoMilhaoUITests.release.xcconfig"; path = "Target Support Files/Pods-ShowDoMilhao-ShowDoMilhaoUITests/Pods-ShowDoMilhao-ShowDoMilhaoUITests.release.xcconfig"; sourceTree = "<group>"; };
		5911A3C3A415BB220AFC8A8E /* Pods-ShowDoMilhaoTests.release.xcconfig */ = {isa = PBXFileReference; includeInIndex = 1; lastKnownFileType = text.xcconfig; name = "Pods-ShowDoMilhaoTests.release.xcconfig"; path = "Target Support Files/Pods-ShowDoMilhaoTests/Pods-ShowDoMilhaoTests.release.xcconfig"; sourceTree = "<group>"; };
		7125B2D738113C6DE7206174 /* Pods-ShowDoMilhao-ShowDoMilhaoUITests.debug.xcconfig */ = {isa = PBXFileReference; includeInIndex = 1; lastKnownFileType = text.xcconfig; name = "Pods-ShowDoMilhao-ShowDoMilhaoUITests.debug.xcconfig"; path = "Target Support Files/Pods-ShowDoMilhao-ShowDoMilhaoUITests/Pods-ShowDoMilhao-ShowDoMilhaoUITests.debug.xcconfig"; sourceTree = "<group>"; };
		77F679A949F5C17D02E849F6 /* Pods_ShowDoMilhaoTests.framework */ = {isa = PBXFileReference; explicitFileType = wrapper.framework; includeInIndex = 0; path = Pods_ShowDoMilhaoTests.framework; sourceTree = BUILT_PRODUCTS_DIR; };
		D7328564639270663894215A /* Pods_ShowDoMilhao_ShowDoMilhaoUITests.framework */ = {isa = PBXFileReference; explicitFileType = wrapper.framework; includeInIndex = 0; path = Pods_ShowDoMilhao_ShowDoMilhaoUITests.framework; sourceTree = BUILT_PRODUCTS_DIR; };
		DB8620EBFBD6DC221705672B /* Pods-ShowDoMilhao.debug.xcconfig */ = {isa = PBXFileReference; includeInIndex = 1; lastKnownFileType = text.xcconfig; name = "Pods-ShowDoMilhao.debug.xcconfig"; path = "Target Support Files/Pods-ShowDoMilhao/Pods-ShowDoMilhao.debug.xcconfig"; sourceTree = "<group>"; };
		E13E178333D9020C07AFD90D /* Pods-ShowDoMilhaoTests.debug.xcconfig */ = {isa = PBXFileReference; includeInIndex = 1; lastKnownFileType = text.xcconfig; name = "Pods-ShowDoMilhaoTests.debug.xcconfig"; path = "Target Support Files/Pods-ShowDoMilhaoTests/Pods-ShowDoMilhaoTests.debug.xcconfig"; sourceTree = "<group>"; };
		E92807312E6C492549BCD7E5 /* Pods-ShowDoMilhao.release.xcconfig */ = {isa = PBXFileReference; includeInIndex = 1; lastKnownFileType = text.xcconfig; name = "Pods-ShowDoMilhao.release.xcconfig"; path = "Target Support Files/Pods-ShowDoMilhao/Pods-ShowDoMilhao.release.xcconfig"; sourceTree = "<group>"; };
/* End PBXFileReference section */

/* Begin PBXFrameworksBuildPhase section */
		3D0C58EB23628F2D000C2FAF /* Frameworks */ = {
			isa = PBXFrameworksBuildPhase;
			buildActionMask = 2147483647;
			files = (
				0546E19FDE73FBCD4FBAACA4 /* Pods_ShowDoMilhao.framework in Frameworks */,
			);
			runOnlyForDeploymentPostprocessing = 0;
		};
		3D0C590123628F31000C2FAF /* Frameworks */ = {
			isa = PBXFrameworksBuildPhase;
			buildActionMask = 2147483647;
			files = (
				82ED75FEF22D385F4F4E9305 /* Pods_ShowDoMilhaoTests.framework in Frameworks */,
			);
			runOnlyForDeploymentPostprocessing = 0;
		};
		3D0C590C23628F31000C2FAF /* Frameworks */ = {
			isa = PBXFrameworksBuildPhase;
			buildActionMask = 2147483647;
			files = (
				802DE51F8DD2CFBEDD619F4C /* Pods_ShowDoMilhao_ShowDoMilhaoUITests.framework in Frameworks */,
			);
			runOnlyForDeploymentPostprocessing = 0;
		};
/* End PBXFrameworksBuildPhase section */

/* Begin PBXGroup section */
		3D0C58E523628F2D000C2FAF = {
			isa = PBXGroup;
			children = (
				3D0C58F023628F2D000C2FAF /* ShowDoMilhao */,
				3D0C590723628F31000C2FAF /* ShowDoMilhaoTests */,
				3D0C591223628F31000C2FAF /* ShowDoMilhaoUITests */,
				3D0C58EF23628F2D000C2FAF /* Products */,
				DCC287C5BF214ABBDAE4C6B2 /* Pods */,
				FCC631F90D920BED9CBF1AF5 /* Frameworks */,
			);
			sourceTree = "<group>";
		};
		3D0C58EF23628F2D000C2FAF /* Products */ = {
			isa = PBXGroup;
			children = (
				3D0C58EE23628F2D000C2FAF /* ShowDoMilhao.app */,
				3D0C590423628F31000C2FAF /* ShowDoMilhaoTests.xctest */,
				3D0C590F23628F31000C2FAF /* ShowDoMilhaoUITests.xctest */,
			);
			name = Products;
			sourceTree = "<group>";
		};
		3D0C58F023628F2D000C2FAF /* ShowDoMilhao */ = {
			isa = PBXGroup;
			children = (
				3D0C592123629099000C2FAF /* GoogleService-Info.plist */,
				3D0C58F123628F2D000C2FAF /* AppDelegate.swift */,
				3D0C58F323628F2D000C2FAF /* SceneDelegate.swift */,
				3D0C58F523628F2D000C2FAF /* ViewController.swift */,
				3D0C58F723628F2D000C2FAF /* Main.storyboard */,
				3D0C58FA23628F31000C2FAF /* Assets.xcassets */,
				3D0C58FC23628F31000C2FAF /* LaunchScreen.storyboard */,
				3D0C58FF23628F31000C2FAF /* Info.plist */,
				3DCF895223630A8500840E1B /* LoginViewController.swift */,
				3DCF895423630F0A00840E1B /* HomeViewController.swift */,
				3DCAE1202369DA4600711BD5 /* StartViewController.swift */,
				3DCAE1222369DB5900711BD5 /* LoadingViewController.swift */,
			);
			path = ShowDoMilhao;
			sourceTree = "<group>";
		};
		3D0C590723628F31000C2FAF /* ShowDoMilhaoTests */ = {
			isa = PBXGroup;
			children = (
				3D0C590823628F31000C2FAF /* ShowDoMilhaoTests.swift */,
				3D0C590A23628F31000C2FAF /* Info.plist */,
			);
			path = ShowDoMilhaoTests;
			sourceTree = "<group>";
		};
		3D0C591223628F31000C2FAF /* ShowDoMilhaoUITests */ = {
			isa = PBXGroup;
			children = (
				3D0C591323628F31000C2FAF /* ShowDoMilhaoUITests.swift */,
				3D0C591523628F31000C2FAF /* Info.plist */,
			);
			path = ShowDoMilhaoUITests;
			sourceTree = "<group>";
		};
		DCC287C5BF214ABBDAE4C6B2 /* Pods */ = {
			isa = PBXGroup;
			children = (
				DB8620EBFBD6DC221705672B /* Pods-ShowDoMilhao.debug.xcconfig */,
				E92807312E6C492549BCD7E5 /* Pods-ShowDoMilhao.release.xcconfig */,
				7125B2D738113C6DE7206174 /* Pods-ShowDoMilhao-ShowDoMilhaoUITests.debug.xcconfig */,
				531BBDE517B81B0C51136D28 /* Pods-ShowDoMilhao-ShowDoMilhaoUITests.release.xcconfig */,
				E13E178333D9020C07AFD90D /* Pods-ShowDoMilhaoTests.debug.xcconfig */,
				5911A3C3A415BB220AFC8A8E /* Pods-ShowDoMilhaoTests.release.xcconfig */,
			);
			path = Pods;
			sourceTree = "<group>";
		};
		FCC631F90D920BED9CBF1AF5 /* Frameworks */ = {
			isa = PBXGroup;
			children = (
				3B4A172EFF6CD6B6D804A696 /* Pods_ShowDoMilhao.framework */,
				D7328564639270663894215A /* Pods_ShowDoMilhao_ShowDoMilhaoUITests.framework */,
				77F679A949F5C17D02E849F6 /* Pods_ShowDoMilhaoTests.framework */,
			);
			name = Frameworks;
			sourceTree = "<group>";
		};
/* End PBXGroup section */

/* Begin PBXNativeTarget section */
		3D0C58ED23628F2D000C2FAF /* ShowDoMilhao */ = {
			isa = PBXNativeTarget;
			buildConfigurationList = 3D0C591823628F31000C2FAF /* Build configuration list for PBXNativeTarget "ShowDoMilhao" */;
			buildPhases = (
				EF2195072311FB85758573CC /* [CP] Check Pods Manifest.lock */,
				3D0C58EA23628F2D000C2FAF /* Sources */,
				3D0C58EB23628F2D000C2FAF /* Frameworks */,
				3D0C58EC23628F2D000C2FAF /* Resources */,
				CB598CF0175CB29ACF624D88 /* [CP] Embed Pods Frameworks */,
			);
			buildRules = (
			);
			dependencies = (
			);
			name = ShowDoMilhao;
			productName = ShowDoMilhao;
			productReference = 3D0C58EE23628F2D000C2FAF /* ShowDoMilhao.app */;
			productType = "com.apple.product-type.application";
		};
		3D0C590323628F31000C2FAF /* ShowDoMilhaoTests */ = {
			isa = PBXNativeTarget;
			buildConfigurationList = 3D0C591B23628F31000C2FAF /* Build configuration list for PBXNativeTarget "ShowDoMilhaoTests" */;
			buildPhases = (
				624A958B1B531C8B39072B76 /* [CP] Check Pods Manifest.lock */,
				3D0C590023628F31000C2FAF /* Sources */,
				3D0C590123628F31000C2FAF /* Frameworks */,
				3D0C590223628F31000C2FAF /* Resources */,
			);
			buildRules = (
			);
			dependencies = (
				3D0C590623628F31000C2FAF /* PBXTargetDependency */,
			);
			name = ShowDoMilhaoTests;
			productName = ShowDoMilhaoTests;
			productReference = 3D0C590423628F31000C2FAF /* ShowDoMilhaoTests.xctest */;
			productType = "com.apple.product-type.bundle.unit-test";
		};
		3D0C590E23628F31000C2FAF /* ShowDoMilhaoUITests */ = {
			isa = PBXNativeTarget;
			buildConfigurationList = 3D0C591E23628F31000C2FAF /* Build configuration list for PBXNativeTarget "ShowDoMilhaoUITests" */;
			buildPhases = (
				C3B07511B4AE6EA8AC047E4D /* [CP] Check Pods Manifest.lock */,
				3D0C590B23628F31000C2FAF /* Sources */,
				3D0C590C23628F31000C2FAF /* Frameworks */,
				3D0C590D23628F31000C2FAF /* Resources */,
				C730F9EEDA9BAE07E1416F94 /* [CP] Embed Pods Frameworks */,
			);
			buildRules = (
			);
			dependencies = (
				3D0C591123628F31000C2FAF /* PBXTargetDependency */,
			);
			name = ShowDoMilhaoUITests;
			productName = ShowDoMilhaoUITests;
			productReference = 3D0C590F23628F31000C2FAF /* ShowDoMilhaoUITests.xctest */;
			productType = "com.apple.product-type.bundle.ui-testing";
		};
/* End PBXNativeTarget section */

/* Begin PBXProject section */
		3D0C58E623628F2D000C2FAF /* Project object */ = {
			isa = PBXProject;
			attributes = {
				LastSwiftUpdateCheck = 1110;
				LastUpgradeCheck = 1110;
				ORGANIZATIONNAME = "Matheus Timbó";
				TargetAttributes = {
					3D0C58ED23628F2D000C2FAF = {
						CreatedOnToolsVersion = 11.1;
					};
					3D0C590323628F31000C2FAF = {
						CreatedOnToolsVersion = 11.1;
						TestTargetID = 3D0C58ED23628F2D000C2FAF;
					};
					3D0C590E23628F31000C2FAF = {
						CreatedOnToolsVersion = 11.1;
						TestTargetID = 3D0C58ED23628F2D000C2FAF;
					};
				};
			};
			buildConfigurationList = 3D0C58E923628F2D000C2FAF /* Build configuration list for PBXProject "ShowDoMilhao" */;
			compatibilityVersion = "Xcode 9.3";
			developmentRegion = en;
			hasScannedForEncodings = 0;
			knownRegions = (
				en,
				Base,
			);
			mainGroup = 3D0C58E523628F2D000C2FAF;
			productRefGroup = 3D0C58EF23628F2D000C2FAF /* Products */;
			projectDirPath = "";
			projectRoot = "";
			targets = (
				3D0C58ED23628F2D000C2FAF /* ShowDoMilhao */,
				3D0C590323628F31000C2FAF /* ShowDoMilhaoTests */,
				3D0C590E23628F31000C2FAF /* ShowDoMilhaoUITests */,
			);
		};
/* End PBXProject section */

/* Begin PBXResourcesBuildPhase section */
		3D0C58EC23628F2D000C2FAF /* Resources */ = {
			isa = PBXResourcesBuildPhase;
			buildActionMask = 2147483647;
			files = (
				3D0C58FE23628F31000C2FAF /* LaunchScreen.storyboard in Resources */,
				3D0C592223629099000C2FAF /* GoogleService-Info.plist in Resources */,
				3D0C58FB23628F31000C2FAF /* Assets.xcassets in Resources */,
				3D0C58F923628F2D000C2FAF /* Main.storyboard in Resources */,
			);
			runOnlyForDeploymentPostprocessing = 0;
		};
		3D0C590223628F31000C2FAF /* Resources */ = {
			isa = PBXResourcesBuildPhase;
			buildActionMask = 2147483647;
			files = (
				3D0C592323629099000C2FAF /* GoogleService-Info.plist in Resources */,
			);
			runOnlyForDeploymentPostprocessing = 0;
		};
		3D0C590D23628F31000C2FAF /* Resources */ = {
			isa = PBXResourcesBuildPhase;
			buildActionMask = 2147483647;
			files = (
			);
			runOnlyForDeploymentPostprocessing = 0;
		};
/* End PBXResourcesBuildPhase section */

/* Begin PBXShellScriptBuildPhase section */
		624A958B1B531C8B39072B76 /* [CP] Check Pods Manifest.lock */ = {
			isa = PBXShellScriptBuildPhase;
			buildActionMask = 2147483647;
			files = (
			);
			inputFileListPaths = (
			);
			inputPaths = (
				"${PODS_PODFILE_DIR_PATH}/Podfile.lock",
				"${PODS_ROOT}/Manifest.lock",
			);
			name = "[CP] Check Pods Manifest.lock";
			outputFileListPaths = (
			);
			outputPaths = (
				"$(DERIVED_FILE_DIR)/Pods-ShowDoMilhaoTests-checkManifestLockResult.txt",
			);
			runOnlyForDeploymentPostprocessing = 0;
			shellPath = /bin/sh;
			shellScript = "diff \"${PODS_PODFILE_DIR_PATH}/Podfile.lock\" \"${PODS_ROOT}/Manifest.lock\" > /dev/null\nif [ $? != 0 ] ; then\n    # print error to STDERR\n    echo \"error: The sandbox is not in sync with the Podfile.lock. Run 'pod install' or update your CocoaPods installation.\" >&2\n    exit 1\nfi\n# This output is used by Xcode 'outputs' to avoid re-running this script phase.\necho \"SUCCESS\" > \"${SCRIPT_OUTPUT_FILE_0}\"\n";
			showEnvVarsInLog = 0;
		};
		C3B07511B4AE6EA8AC047E4D /* [CP] Check Pods Manifest.lock */ = {
			isa = PBXShellScriptBuildPhase;
			buildActionMask = 2147483647;
			files = (
			);
			inputFileListPaths = (
			);
			inputPaths = (
				"${PODS_PODFILE_DIR_PATH}/Podfile.lock",
				"${PODS_ROOT}/Manifest.lock",
			);
			name = "[CP] Check Pods Manifest.lock";
			outputFileListPaths = (
			);
			outputPaths = (
				"$(DERIVED_FILE_DIR)/Pods-ShowDoMilhao-ShowDoMilhaoUITests-checkManifestLockResult.txt",
			);
			runOnlyForDeploymentPostprocessing = 0;
			shellPath = /bin/sh;
			shellScript = "diff \"${PODS_PODFILE_DIR_PATH}/Podfile.lock\" \"${PODS_ROOT}/Manifest.lock\" > /dev/null\nif [ $? != 0 ] ; then\n    # print error to STDERR\n    echo \"error: The sandbox is not in sync with the Podfile.lock. Run 'pod install' or update your CocoaPods installation.\" >&2\n    exit 1\nfi\n# This output is used by Xcode 'outputs' to avoid re-running this script phase.\necho \"SUCCESS\" > \"${SCRIPT_OUTPUT_FILE_0}\"\n";
			showEnvVarsInLog = 0;
		};
		C730F9EEDA9BAE07E1416F94 /* [CP] Embed Pods Frameworks */ = {
			isa = PBXShellScriptBuildPhase;
			buildActionMask = 2147483647;
			files = (
			);
			inputFileListPaths = (
				"${PODS_ROOT}/Target Support Files/Pods-ShowDoMilhao-ShowDoMilhaoUITests/Pods-ShowDoMilhao-ShowDoMilhaoUITests-frameworks-${CONFIGURATION}-input-files.xcfilelist",
			);
			name = "[CP] Embed Pods Frameworks";
			outputFileListPaths = (
				"${PODS_ROOT}/Target Support Files/Pods-ShowDoMilhao-ShowDoMilhaoUITests/Pods-ShowDoMilhao-ShowDoMilhaoUITests-frameworks-${CONFIGURATION}-output-files.xcfilelist",
			);
			runOnlyForDeploymentPostprocessing = 0;
			shellPath = /bin/sh;
			shellScript = "\"${PODS_ROOT}/Target Support Files/Pods-ShowDoMilhao-ShowDoMilhaoUITests/Pods-ShowDoMilhao-ShowDoMilhaoUITests-frameworks.sh\"\n";
			showEnvVarsInLog = 0;
		};
		CB598CF0175CB29ACF624D88 /* [CP] Embed Pods Frameworks */ = {
			isa = PBXShellScriptBuildPhase;
			buildActionMask = 2147483647;
			files = (
			);
			inputFileListPaths = (
				"${PODS_ROOT}/Target Support Files/Pods-ShowDoMilhao/Pods-ShowDoMilhao-frameworks-${CONFIGURATION}-input-files.xcfilelist",
			);
			name = "[CP] Embed Pods Frameworks";
			outputFileListPaths = (
				"${PODS_ROOT}/Target Support Files/Pods-ShowDoMilhao/Pods-ShowDoMilhao-frameworks-${CONFIGURATION}-output-files.xcfilelist",
			);
			runOnlyForDeploymentPostprocessing = 0;
			shellPath = /bin/sh;
			shellScript = "\"${PODS_ROOT}/Target Support Files/Pods-ShowDoMilhao/Pods-ShowDoMilhao-frameworks.sh\"\n";
			showEnvVarsInLog = 0;
		};
		EF2195072311FB85758573CC /* [CP] Check Pods Manifest.lock */ = {
			isa = PBXShellScriptBuildPhase;
			buildActionMask = 2147483647;
			files = (
			);
			inputFileListPaths = (
			);
			inputPaths = (
				"${PODS_PODFILE_DIR_PATH}/Podfile.lock",
				"${PODS_ROOT}/Manifest.lock",
			);
			name = "[CP] Check Pods Manifest.lock";
			outputFileListPaths = (
			);
			outputPaths = (
				"$(DERIVED_FILE_DIR)/Pods-ShowDoMilhao-checkManifestLockResult.txt",
			);
			runOnlyForDeploymentPostprocessing = 0;
			shellPath = /bin/sh;
			shellScript = "diff \"${PODS_PODFILE_DIR_PATH}/Podfile.lock\" \"${PODS_ROOT}/Manifest.lock\" > /dev/null\nif [ $? != 0 ] ; then\n    # print error to STDERR\n    echo \"error: The sandbox is not in sync with the Podfile.lock. Run 'pod install' or update your CocoaPods installation.\" >&2\n    exit 1\nfi\n# This output is used by Xcode 'outputs' to avoid re-running this script phase.\necho \"SUCCESS\" > \"${SCRIPT_OUTPUT_FILE_0}\"\n";
			showEnvVarsInLog = 0;
		};
/* End PBXShellScriptBuildPhase section */

/* Begin PBXSourcesBuildPhase section */
		3D0C58EA23628F2D000C2FAF /* Sources */ = {
			isa = PBXSourcesBuildPhase;
			buildActionMask = 2147483647;
			files = (
				3DCAE1232369DB5900711BD5 /* LoadingViewController.swift in Sources */,
				3DCF895523630F0A00840E1B /* HomeViewController.swift in Sources */,
				3DCF895323630A8500840E1B /* LoginViewController.swift in Sources */,
				3D0C58F623628F2D000C2FAF /* ViewController.swift in Sources */,
				3D0C58F223628F2D000C2FAF /* AppDelegate.swift in Sources */,
				3D0C58F423628F2D000C2FAF /* SceneDelegate.swift in Sources */,
				3DCAE1212369DA4600711BD5 /* StartViewController.swift in Sources */,
			);
			runOnlyForDeploymentPostprocessing = 0;
		};
		3D0C590023628F31000C2FAF /* Sources */ = {
			isa = PBXSourcesBuildPhase;
			buildActionMask = 2147483647;
			files = (
				3D0C590923628F31000C2FAF /* ShowDoMilhaoTests.swift in Sources */,
			);
			runOnlyForDeploymentPostprocessing = 0;
		};
		3D0C590B23628F31000C2FAF /* Sources */ = {
			isa = PBXSourcesBuildPhase;
			buildActionMask = 2147483647;
			files = (
				3D0C591423628F31000C2FAF /* ShowDoMilhaoUITests.swift in Sources */,
			);
			runOnlyForDeploymentPostprocessing = 0;
		};
/* End PBXSourcesBuildPhase section */

/* Begin PBXTargetDependency section */
		3D0C590623628F31000C2FAF /* PBXTargetDependency */ = {
			isa = PBXTargetDependency;
			target = 3D0C58ED23628F2D000C2FAF /* ShowDoMilhao */;
			targetProxy = 3D0C590523628F31000C2FAF /* PBXContainerItemProxy */;
		};
		3D0C591123628F31000C2FAF /* PBXTargetDependency */ = {
			isa = PBXTargetDependency;
			target = 3D0C58ED23628F2D000C2FAF /* ShowDoMilhao */;
			targetProxy = 3D0C591023628F31000C2FAF /* PBXContainerItemProxy */;
		};
/* End PBXTargetDependency section */

/* Begin PBXVariantGroup section */
		3D0C58F723628F2D000C2FAF /* Main.storyboard */ = {
			isa = PBXVariantGroup;
			children = (
				3D0C58F823628F2D000C2FAF /* Base */,
			);
			name = Main.storyboard;
			sourceTree = "<group>";
		};
		3D0C58FC23628F31000C2FAF /* LaunchScreen.storyboard */ = {
			isa = PBXVariantGroup;
			children = (
				3D0C58FD23628F31000C2FAF /* Base */,
			);
			name = LaunchScreen.storyboard;
			sourceTree = "<group>";
		};
/* End PBXVariantGroup section */

/* Begin XCBuildConfiguration section */
		3D0C591623628F31000C2FAF /* Debug */ = {
			isa = XCBuildConfiguration;
			buildSettings = {
				ALWAYS_SEARCH_USER_PATHS = NO;
				CLANG_ANALYZER_NONNULL = YES;
				CLANG_ANALYZER_NUMBER_OBJECT_CONVERSION = YES_AGGRESSIVE;
				CLANG_CXX_LANGUAGE_STANDARD = "gnu++14";
				CLANG_CXX_LIBRARY = "libc++";
				CLANG_ENABLE_MODULES = YES;
				CLANG_ENABLE_OBJC_ARC = YES;
				CLANG_ENABLE_OBJC_WEAK = YES;
				CLANG_WARN_BLOCK_CAPTURE_AUTORELEASING = YES;
				CLANG_WARN_BOOL_CONVERSION = YES;
				CLANG_WARN_COMMA = YES;
				CLANG_WARN_CONSTANT_CONVERSION = YES;
				CLANG_WARN_DEPRECATED_OBJC_IMPLEMENTATIONS = YES;
				CLANG_WARN_DIRECT_OBJC_ISA_USAGE = YES_ERROR;
				CLANG_WARN_DOCUMENTATION_COMMENTS = YES;
				CLANG_WARN_EMPTY_BODY = YES;
				CLANG_WARN_ENUM_CONVERSION = YES;
				CLANG_WARN_INFINITE_RECURSION = YES;
				CLANG_WARN_INT_CONVERSION = YES;
				CLANG_WARN_NON_LITERAL_NULL_CONVERSION = YES;
				CLANG_WARN_OBJC_IMPLICIT_RETAIN_SELF = YES;
				CLANG_WARN_OBJC_LITERAL_CONVERSION = YES;
				CLANG_WARN_OBJC_ROOT_CLASS = YES_ERROR;
				CLANG_WARN_RANGE_LOOP_ANALYSIS = YES;
				CLANG_WARN_STRICT_PROTOTYPES = YES;
				CLANG_WARN_SUSPICIOUS_MOVE = YES;
				CLANG_WARN_UNGUARDED_AVAILABILITY = YES_AGGRESSIVE;
				CLANG_WARN_UNREACHABLE_CODE = YES;
				CLANG_WARN__DUPLICATE_METHOD_MATCH = YES;
				COPY_PHASE_STRIP = NO;
				DEBUG_INFORMATION_FORMAT = dwarf;
				ENABLE_STRICT_OBJC_MSGSEND = YES;
				ENABLE_TESTABILITY = YES;
				GCC_C_LANGUAGE_STANDARD = gnu11;
				GCC_DYNAMIC_NO_PIC = NO;
				GCC_NO_COMMON_BLOCKS = YES;
				GCC_OPTIMIZATION_LEVEL = 0;
				GCC_PREPROCESSOR_DEFINITIONS = (
					"DEBUG=1",
					"$(inherited)",
				);
				GCC_WARN_64_TO_32_BIT_CONVERSION = YES;
				GCC_WARN_ABOUT_RETURN_TYPE = YES_ERROR;
				GCC_WARN_UNDECLARED_SELECTOR = YES;
				GCC_WARN_UNINITIALIZED_AUTOS = YES_AGGRESSIVE;
				GCC_WARN_UNUSED_FUNCTION = YES;
				GCC_WARN_UNUSED_VARIABLE = YES;
				IPHONEOS_DEPLOYMENT_TARGET = 13.1;
				MTL_ENABLE_DEBUG_INFO = INCLUDE_SOURCE;
				MTL_FAST_MATH = YES;
				ONLY_ACTIVE_ARCH = YES;
				SDKROOT = iphoneos;
				SWIFT_ACTIVE_COMPILATION_CONDITIONS = DEBUG;
				SWIFT_OPTIMIZATION_LEVEL = "-Onone";
			};
			name = Debug;
		};
		3D0C591723628F31000C2FAF /* Release */ = {
			isa = XCBuildConfiguration;
			buildSettings = {
				ALWAYS_SEARCH_USER_PATHS = NO;
				CLANG_ANALYZER_NONNULL = YES;
				CLANG_ANALYZER_NUMBER_OBJECT_CONVERSION = YES_AGGRESSIVE;
				CLANG_CXX_LANGUAGE_STANDARD = "gnu++14";
				CLANG_CXX_LIBRARY = "libc++";
				CLANG_ENABLE_MODULES = YES;
				CLANG_ENABLE_OBJC_ARC = YES;
				CLANG_ENABLE_OBJC_WEAK = YES;
				CLANG_WARN_BLOCK_CAPTURE_AUTORELEASING = YES;
				CLANG_WARN_BOOL_CONVERSION = YES;
				CLANG_WARN_COMMA = YES;
				CLANG_WARN_CONSTANT_CONVERSION = YES;
				CLANG_WARN_DEPRECATED_OBJC_IMPLEMENTATIONS = YES;
				CLANG_WARN_DIRECT_OBJC_ISA_USAGE = YES_ERROR;
				CLANG_WARN_DOCUMENTATION_COMMENTS = YES;
				CLANG_WARN_EMPTY_BODY = YES;
				CLANG_WARN_ENUM_CONVERSION = YES;
				CLANG_WARN_INFINITE_RECURSION = YES;
				CLANG_WARN_INT_CONVERSION = YES;
				CLANG_WARN_NON_LITERAL_NULL_CONVERSION = YES;
				CLANG_WARN_OBJC_IMPLICIT_RETAIN_SELF = YES;
				CLANG_WARN_OBJC_LITERAL_CONVERSION = YES;
				CLANG_WARN_OBJC_ROOT_CLASS = YES_ERROR;
				CLANG_WARN_RANGE_LOOP_ANALYSIS = YES;
				CLANG_WARN_STRICT_PROTOTYPES = YES;
				CLANG_WARN_SUSPICIOUS_MOVE = YES;
				CLANG_WARN_UNGUARDED_AVAILABILITY = YES_AGGRESSIVE;
				CLANG_WARN_UNREACHABLE_CODE = YES;
				CLANG_WARN__DUPLICATE_METHOD_MATCH = YES;
				COPY_PHASE_STRIP = NO;
				DEBUG_INFORMATION_FORMAT = "dwarf-with-dsym";
				ENABLE_NS_ASSERTIONS = NO;
				ENABLE_STRICT_OBJC_MSGSEND = YES;
				GCC_C_LANGUAGE_STANDARD = gnu11;
				GCC_NO_COMMON_BLOCKS = YES;
				GCC_WARN_64_TO_32_BIT_CONVERSION = YES;
				GCC_WARN_ABOUT_RETURN_TYPE = YES_ERROR;
				GCC_WARN_UNDECLARED_SELECTOR = YES;
				GCC_WARN_UNINITIALIZED_AUTOS = YES_AGGRESSIVE;
				GCC_WARN_UNUSED_FUNCTION = YES;
				GCC_WARN_UNUSED_VARIABLE = YES;
				IPHONEOS_DEPLOYMENT_TARGET = 13.1;
				MTL_ENABLE_DEBUG_INFO = NO;
				MTL_FAST_MATH = YES;
				SDKROOT = iphoneos;
				SWIFT_COMPILATION_MODE = wholemodule;
				SWIFT_OPTIMIZATION_LEVEL = "-O";
				VALIDATE_PRODUCT = YES;
			};
			name = Release;
		};
		3D0C591923628F31000C2FAF /* Debug */ = {
			isa = XCBuildConfiguration;
			baseConfigurationReference = DB8620EBFBD6DC221705672B /* Pods-ShowDoMilhao.debug.xcconfig */;
			buildSettings = {
				ASSETCATALOG_COMPILER_APPICON_NAME = AppIcon;
				CODE_SIGN_STYLE = Automatic;
				DEVELOPMENT_TEAM = 9PY3L8YAUW;
				INFOPLIST_FILE = ShowDoMilhao/Info.plist;
				LD_RUNPATH_SEARCH_PATHS = (
					"$(inherited)",
					"@executable_path/Frameworks",
				);
				PRODUCT_BUNDLE_IDENTIFIER = com.unifor.ShowDoMilhao;
				PRODUCT_NAME = "$(TARGET_NAME)";
				SWIFT_VERSION = 5.0;
				TARGETED_DEVICE_FAMILY = "1,2";
			};
			name = Debug;
		};
		3D0C591A23628F31000C2FAF /* Release */ = {
			isa = XCBuildConfiguration;
			baseConfigurationReference = E92807312E6C492549BCD7E5 /* Pods-ShowDoMilhao.release.xcconfig */;
			buildSettings = {
				ASSETCATALOG_COMPILER_APPICON_NAME = AppIcon;
				CODE_SIGN_STYLE = Automatic;
				DEVELOPMENT_TEAM = 9PY3L8YAUW;
				INFOPLIST_FILE = ShowDoMilhao/Info.plist;
				LD_RUNPATH_SEARCH_PATHS = (
					"$(inherited)",
					"@executable_path/Frameworks",
				);
				PRODUCT_BUNDLE_IDENTIFIER = com.unifor.ShowDoMilhao;
				PRODUCT_NAME = "$(TARGET_NAME)";
				SWIFT_VERSION = 5.0;
				TARGETED_DEVICE_FAMILY = "1,2";
			};
			name = Release;
		};
		3D0C591C23628F31000C2FAF /* Debug */ = {
			isa = XCBuildConfiguration;
			baseConfigurationReference = E13E178333D9020C07AFD90D /* Pods-ShowDoMilhaoTests.debug.xcconfig */;
			buildSettings = {
				ALWAYS_EMBED_SWIFT_STANDARD_LIBRARIES = YES;
				BUNDLE_LOADER = "$(TEST_HOST)";
				CODE_SIGN_STYLE = Automatic;
				INFOPLIST_FILE = ShowDoMilhaoTests/Info.plist;
				IPHONEOS_DEPLOYMENT_TARGET = 13.1;
				LD_RUNPATH_SEARCH_PATHS = (
					"$(inherited)",
					"@executable_path/Frameworks",
					"@loader_path/Frameworks",
				);
				PRODUCT_BUNDLE_IDENTIFIER = com.unifor.ShowDoMilhaoTests;
				PRODUCT_NAME = "$(TARGET_NAME)";
				SWIFT_VERSION = 5.0;
				TARGETED_DEVICE_FAMILY = "1,2";
				TEST_HOST = "$(BUILT_PRODUCTS_DIR)/ShowDoMilhao.app/ShowDoMilhao";
			};
			name = Debug;
		};
		3D0C591D23628F31000C2FAF /* Release */ = {
			isa = XCBuildConfiguration;
			baseConfigurationReference = 5911A3C3A415BB220AFC8A8E /* Pods-ShowDoMilhaoTests.release.xcconfig */;
			buildSettings = {
				ALWAYS_EMBED_SWIFT_STANDARD_LIBRARIES = YES;
				BUNDLE_LOADER = "$(TEST_HOST)";
				CODE_SIGN_STYLE = Automatic;
				INFOPLIST_FILE = ShowDoMilhaoTests/Info.plist;
				IPHONEOS_DEPLOYMENT_TARGET = 13.1;
				LD_RUNPATH_SEARCH_PATHS = (
					"$(inherited)",
					"@executable_path/Frameworks",
					"@loader_path/Frameworks",
				);
				PRODUCT_BUNDLE_IDENTIFIER = com.unifor.ShowDoMilhaoTests;
				PRODUCT_NAME = "$(TARGET_NAME)";
				SWIFT_VERSION = 5.0;
				TARGETED_DEVICE_FAMILY = "1,2";
				TEST_HOST = "$(BUILT_PRODUCTS_DIR)/ShowDoMilhao.app/ShowDoMilhao";
			};
			name = Release;
		};
		3D0C591F23628F31000C2FAF /* Debug */ = {
			isa = XCBuildConfiguration;
			baseConfigurationReference = 7125B2D738113C6DE7206174 /* Pods-ShowDoMilhao-ShowDoMilhaoUITests.debug.xcconfig */;
			buildSettings = {
				ALWAYS_EMBED_SWIFT_STANDARD_LIBRARIES = YES;
				CODE_SIGN_STYLE = Automatic;
				INFOPLIST_FILE = ShowDoMilhaoUITests/Info.plist;
				LD_RUNPATH_SEARCH_PATHS = (
					"$(inherited)",
					"@executable_path/Frameworks",
					"@loader_path/Frameworks",
				);
				PRODUCT_BUNDLE_IDENTIFIER = com.unifor.ShowDoMilhaoUITests;
				PRODUCT_NAME = "$(TARGET_NAME)";
				SWIFT_VERSION = 5.0;
				TARGETED_DEVICE_FAMILY = "1,2";
				TEST_TARGET_NAME = ShowDoMilhao;
			};
			name = Debug;
		};
		3D0C592023628F31000C2FAF /* Release */ = {
			isa = XCBuildConfiguration;
			baseConfigurationReference = 531BBDE517B81B0C51136D28 /* Pods-ShowDoMilhao-ShowDoMilhaoUITests.release.xcconfig */;
			buildSettings = {
				ALWAYS_EMBED_SWIFT_STANDARD_LIBRARIES = YES;
				CODE_SIGN_STYLE = Automatic;
				INFOPLIST_FILE = ShowDoMilhaoUITests/Info.plist;
				LD_RUNPATH_SEARCH_PATHS = (
					"$(inherited)",
					"@executable_path/Frameworks",
					"@loader_path/Frameworks",
				);
				PRODUCT_BUNDLE_IDENTIFIER = com.unifor.ShowDoMilhaoUITests;
				PRODUCT_NAME = "$(TARGET_NAME)";
				SWIFT_VERSION = 5.0;
				TARGETED_DEVICE_FAMILY = "1,2";
				TEST_TARGET_NAME = ShowDoMilhao;
			};
			name = Release;
		};
/* End XCBuildConfiguration section */

/* Begin XCConfigurationList section */
		3D0C58E923628F2D000C2FAF /* Build configuration list for PBXProject "ShowDoMilhao" */ = {
			isa = XCConfigurationList;
			buildConfigurations = (
				3D0C591623628F31000C2FAF /* Debug */,
				3D0C591723628F31000C2FAF /* Release */,
			);
			defaultConfigurationIsVisible = 0;
			defaultConfigurationName = Release;
		};
		3D0C591823628F31000C2FAF /* Build configuration list for PBXNativeTarget "ShowDoMilhao" */ = {
			isa = XCConfigurationList;
			buildConfigurations = (
				3D0C591923628F31000C2FAF /* Debug */,
				3D0C591A23628F31000C2FAF /* Release */,
			);
			defaultConfigurationIsVisible = 0;
			defaultConfigurationName = Release;
		};
		3D0C591B23628F31000C2FAF /* Build configuration list for PBXNativeTarget "ShowDoMilhaoTests" */ = {
			isa = XCConfigurationList;
			buildConfigurations = (
				3D0C591C23628F31000C2FAF /* Debug */,
				3D0C591D23628F31000C2FAF /* Release */,
			);
			defaultConfigurationIsVisible = 0;
			defaultConfigurationName = Release;
		};
		3D0C591E23628F31000C2FAF /* Build configuration list for PBXNativeTarget "ShowDoMilhaoUITests" */ = {
			isa = XCConfigurationList;
			buildConfigurations = (
				3D0C591F23628F31000C2FAF /* Debug */,
				3D0C592023628F31000C2FAF /* Release */,
			);
			defaultConfigurationIsVisible = 0;
			defaultConfigurationName = Release;
		};
/* End XCConfigurationList section */
	};
	rootObject = 3D0C58E623628F2D000C2FAF /* Project object */;
}
